# Generated by pub
# See https://dart.dev/tools/pub/glossary#lockfile
packages:
  another_xlider:
    dependency: "direct main"
    description:
      name: another_xlider
      url: "https://pub.dartlang.org"
    source: hosted
    version: "1.1.2"
  archive:
    dependency: transitive
    description:
      name: archive
      url: "https://pub.dartlang.org"
    source: hosted
    version: "3.3.5"
  async:
    dependency: transitive
    description:
      name: async
      url: "https://pub.dartlang.org"
    source: hosted
    version: "2.9.0"
  boolean_selector:
    dependency: transitive
    description:
      name: boolean_selector
      url: "https://pub.dartlang.org"
    source: hosted
    version: "2.1.0"
  characters:
    dependency: transitive
    description:
      name: characters
      url: "https://pub.dartlang.org"
    source: hosted
    version: "1.2.1"
  clipboard:
    dependency: "direct main"
    description:
      name: clipboard
      url: "https://pub.dartlang.org"
    source: hosted
    version: "0.1.3"
  clock:
    dependency: transitive
    description:
      name: clock
      url: "https://pub.dartlang.org"
    source: hosted
    version: "1.1.1"
  collection:
    dependency: transitive
    description:
      name: collection
      url: "https://pub.dartlang.org"
    source: hosted
    version: "1.16.0"
  convert:
    dependency: transitive
    description:
      name: convert
      url: "https://pub.dartlang.org"
    source: hosted
    version: "3.1.1"
  crop_image:
    dependency: "direct main"
    description:
      name: crop_image
      url: "https://pub.dartlang.org"
    source: hosted
    version: "1.0.3"
  cross_file:
    dependency: transitive
    description:
      name: cross_file
      url: "https://pub.dartlang.org"
    source: hosted
    version: "0.3.3+2"
  crypto:
    dependency: transitive
    description:
      name: crypto
      url: "https://pub.dartlang.org"
    source: hosted
    version: "3.0.2"
  cupertino_icons:
    dependency: "direct main"
    description:
      name: cupertino_icons
      url: "https://pub.dartlang.org"
    source: hosted
    version: "1.0.5"
  event:
    dependency: "direct main"
    description:
      name: event
      url: "https://pub.dartlang.org"
    source: hosted
    version: "2.1.2"
  fake_async:
    dependency: transitive
    description:
      name: fake_async
      url: "https://pub.dartlang.org"
    source: hosted
    version: "1.3.1"
  ffi:
    dependency: transitive
    description:
      name: ffi
      url: "https://pub.dartlang.org"
    source: hosted
    version: "2.0.1"
  file_picker:
    dependency: "direct main"
    description:
      name: file_picker
      url: "https://pub.dartlang.org"
    source: hosted
    version: "5.2.5"
  filesystem_picker:
    dependency: "direct main"
    description:
      name: filesystem_picker
      url: "https://pub.dartlang.org"
    source: hosted
    version: "3.1.0"
  flutter:
    dependency: "direct main"
    description: flutter
    source: sdk
    version: "0.0.0"
  flutter_datetime_picker:
    dependency: "direct main"
    description:
      name: flutter_datetime_picker
      url: "https://pub.dartlang.org"
    source: hosted
    version: "1.5.1"
  flutter_lints:
    dependency: "direct dev"
    description:
      name: flutter_lints
      url: "https://pub.dartlang.org"
    source: hosted
    version: "1.0.4"
  flutter_localizations:
    dependency: transitive
    description: flutter
    source: sdk
    version: "0.0.0"
  flutter_plugin_android_lifecycle:
    dependency: transitive
    description:
      name: flutter_plugin_android_lifecycle
      url: "https://pub.dartlang.org"
    source: hosted
    version: "2.0.7"
  flutter_search_bar:
    dependency: "direct main"
    description:
      name: flutter_search_bar
      url: "https://pub.dartlang.org"
    source: hosted
    version: "3.0.0-dev.1"
  flutter_styled_toast:
    dependency: "direct main"
    description:
      name: flutter_styled_toast
      url: "https://pub.dartlang.org"
    source: hosted
    version: "2.1.3"
  flutter_svg:
    dependency: "direct main"
    description:
      name: flutter_svg
      url: "https://pub.dartlang.org"
    source: hosted
    version: "1.1.6"
  flutter_test:
    dependency: "direct dev"
    description: flutter
    source: sdk
    version: "0.0.0"
  flutter_web_plugins:
    dependency: transitive
    description: flutter
    source: sdk
    version: "0.0.0"
  http:
    dependency: transitive
    description:
      name: http
      url: "https://pub.dartlang.org"
    source: hosted
    version: "0.13.5"
  http_parser:
    dependency: transitive
    description:
      name: http_parser
      url: "https://pub.dartlang.org"
    source: hosted
    version: "4.0.2"
  image:
    dependency: "direct main"
    description:
      name: image
      url: "https://pub.dartlang.org"
    source: hosted
    version: "3.3.0"
  image_cropper:
    dependency: "direct main"
    description:
      name: image_cropper
      url: "https://pub.dartlang.org"
    source: hosted
    version: "1.5.1"
  image_picker:
    dependency: "direct main"
    description:
      name: image_picker
      url: "https://pub.dartlang.org"
    source: hosted
    version: "0.8.6+1"
  image_picker_android:
    dependency: transitive
    description:
      name: image_picker_android
      url: "https://pub.dartlang.org"
    source: hosted
    version: "0.8.5+5"
  image_picker_for_web:
    dependency: transitive
    description:
      name: image_picker_for_web
      url: "https://pub.dartlang.org"
    source: hosted
    version: "2.1.10"
  image_picker_ios:
    dependency: transitive
    description:
      name: image_picker_ios
      url: "https://pub.dartlang.org"
    source: hosted
    version: "0.8.6+6"
  image_picker_platform_interface:
    dependency: transitive
    description:
      name: image_picker_platform_interface
      url: "https://pub.dartlang.org"
    source: hosted
    version: "2.6.2"
  intl:
    dependency: transitive
    description:
      name: intl
      url: "https://pub.dartlang.org"
    source: hosted
    version: "0.17.0"
  isolate:
    dependency: "direct main"
    description:
      name: isolate
      url: "https://pub.dartlang.org"
    source: hosted
    version: "2.1.1"
  js:
    dependency: transitive
    description:
      name: js
      url: "https://pub.dartlang.org"
    source: hosted
    version: "0.6.4"
  lints:
    dependency: transitive
    description:
      name: lints
      url: "https://pub.dartlang.org"
    source: hosted
    version: "1.0.1"
  matcher:
    dependency: transitive
    description:
      name: matcher
      url: "https://pub.dartlang.org"
    source: hosted
    version: "0.12.12"
  material_color_utilities:
    dependency: transitive
    description:
      name: material_color_utilities
      url: "https://pub.dartlang.org"
    source: hosted
    version: "0.1.5"
  meta:
    dependency: transitive
    description:
      name: meta
      url: "https://pub.dartlang.org"
    source: hosted
    version: "1.8.0"
  modal_bottom_sheet:
    dependency: "direct main"
    description:
      name: modal_bottom_sheet
      url: "https://pub.dartlang.org"
    source: hosted
    version: "2.1.2"
  multi_select_flutter:
    dependency: "direct main"
    description:
      name: multi_select_flutter
      url: "https://pub.dartlang.org"
    source: hosted
    version: "4.1.3"
  path:
    dependency: "direct main"
    description:
      name: path
      url: "https://pub.dartlang.org"
    source: hosted
    version: "1.8.2"
  path_drawing:
    dependency: transitive
    description:
      name: path_drawing
      url: "https://pub.dartlang.org"
    source: hosted
    version: "1.0.1"
  path_parsing:
    dependency: transitive
    description:
      name: path_parsing
      url: "https://pub.dartlang.org"
    source: hosted
    version: "1.0.1"
  permission_handler:
    dependency: "direct main"
    description:
      name: permission_handler
      url: "https://pub.dartlang.org"
    source: hosted
    version: "10.2.0"
  permission_handler_android:
    dependency: transitive
    description:
      name: permission_handler_android
      url: "https://pub.dartlang.org"
    source: hosted
    version: "10.2.0"
  permission_handler_apple:
    dependency: transitive
    description:
      name: permission_handler_apple
      url: "https://pub.dartlang.org"
    source: hosted
    version: "9.0.7"
  permission_handler_platform_interface:
    dependency: transitive
    description:
      name: permission_handler_platform_interface
      url: "https://pub.dartlang.org"
    source: hosted
    version: "3.9.0"
  permission_handler_windows:
    dependency: transitive
    description:
      name: permission_handler_windows
      url: "https://pub.dartlang.org"
    source: hosted
    version: "0.1.2"
  petitparser:
    dependency: transitive
    description:
      name: petitparser
      url: "https://pub.dartlang.org"
    source: hosted
    version: "5.1.0"
  photo_view:
    dependency: "direct main"
    description:
      name: photo_view
      url: "https://pub.dartlang.org"
    source: hosted
    version: "0.13.0"
  plugin_platform_interface:
    dependency: transitive
    description:
      name: plugin_platform_interface
      url: "https://pub.dartlang.org"
    source: hosted
    version: "2.1.3"
  pointycastle:
    dependency: transitive
    description:
      name: pointycastle
      url: "https://pub.dartlang.org"
    source: hosted
    version: "3.6.2"
  scrollable_positioned_list:
    dependency: "direct main"
    description:
      name: scrollable_positioned_list
      url: "https://pub.dartlang.org"
    source: hosted
    version: "0.2.3"
  sky_engine:
    dependency: transitive
    description: flutter
    source: sdk
    version: "0.0.99"
  source_span:
    dependency: transitive
    description:
      name: source_span
      url: "https://pub.dartlang.org"
    source: hosted
    version: "1.9.0"
  stack_trace:
    dependency: transitive
    description:
      name: stack_trace
      url: "https://pub.dartlang.org"
    source: hosted
    version: "1.10.0"
  stream_channel:
    dependency: transitive
    description:
      name: stream_channel
      url: "https://pub.dartlang.org"
    source: hosted
    version: "2.1.0"
  string_scanner:
    dependency: transitive
    description:
      name: string_scanner
      url: "https://pub.dartlang.org"
    source: hosted
    version: "1.1.1"
  term_glyph:
    dependency: transitive
    description:
      name: term_glyph
      url: "https://pub.dartlang.org"
    source: hosted
    version: "1.2.1"
  test_api:
    dependency: transitive
    description:
      name: test_api
      url: "https://pub.dartlang.org"
    source: hosted
    version: "0.4.12"
  typed_data:
    dependency: transitive
    description:
      name: typed_data
      url: "https://pub.dartlang.org"
    source: hosted
    version: "1.3.1"
  uni_links:
    dependency: "direct main"
    description:
      name: uni_links
      url: "https://pub.dartlang.org"
    source: hosted
    version: "0.5.1"
  uni_links_platform_interface:
    dependency: transitive
    description:
      name: uni_links_platform_interface
      url: "https://pub.dartlang.org"
    source: hosted
    version: "1.0.0"
  uni_links_web:
    dependency: transitive
    description:
      name: uni_links_web
      url: "https://pub.dartlang.org"
    source: hosted
    version: "0.1.0"
  uri_to_file:
    dependency: "direct main"
    description:
      name: uri_to_file
      url: "https://pub.dartlang.org"
    source: hosted
    version: "0.2.0"
  url_launcher:
    dependency: "direct main"
    description:
      name: url_launcher
      url: "https://pub.dartlang.org"
    source: hosted
    version: "6.1.8"
  url_launcher_android:
    dependency: transitive
    description:
      name: url_launcher_android
      url: "https://pub.dartlang.org"
    source: hosted
    version: "6.0.23"
  url_launcher_ios:
    dependency: transitive
    description:
      name: url_launcher_ios
      url: "https://pub.dartlang.org"
    source: hosted
    version: "6.0.18"
  url_launcher_linux:
    dependency: transitive
    description:
      name: url_launcher_linux
      url: "https://pub.dartlang.org"
    source: hosted
    version: "3.0.2"
  url_launcher_macos:
    dependency: transitive
    description:
      name: url_launcher_macos
      url: "https://pub.dartlang.org"
    source: hosted
    version: "3.0.2"
  url_launcher_platform_interface:
    dependency: transitive
    description:
      name: url_launcher_platform_interface
      url: "https://pub.dartlang.org"
    source: hosted
    version: "2.1.1"
  url_launcher_web:
    dependency: transitive
    description:
      name: url_launcher_web
      url: "https://pub.dartlang.org"
    source: hosted
    version: "2.0.14"
  url_launcher_windows:
    dependency: transitive
    description:
      name: url_launcher_windows
      url: "https://pub.dartlang.org"
    source: hosted
    version: "3.0.2"
  vector_math:
    dependency: transitive
    description:
      name: vector_math
      url: "https://pub.dartlang.org"
    source: hosted
    version: "2.1.2"
  win32:
    dependency: transitive
    description:
      name: win32
      url: "https://pub.dartlang.org"
    source: hosted
    version: "3.1.3"
  xml:
    dependency: transitive
    description:
      name: xml
      url: "https://pub.dartlang.org"
    source: hosted
    version: "6.1.0"
sdks:
  dart: ">=2.18.0 <3.0.0"
  flutter: ">=3.0.0"
